
Microsoft Visual Studio Solution File, Format Version 12.00
# Visual Studio 15
VisualStudioVersion = 15.0.28307.106
MinimumVisualStudioVersion = 10.0.40219.1
Project("{FAE04EC0-301F-11D3-BF4B-00C04F79EFBC}") = "AutomatedTests", "AutomatedTests\AutomatedTests.csproj", "{4F36F490-633D-4EE5-80C5-88E47A03AF36}"
EndProject
Global
	GlobalSection(SolutionConfigurationPlatforms) = preSolution
		Debug|Any CPU = Debug|Any CPU
		Release|Any CPU = Release|Any CPU
	EndGlobalSection
	GlobalSection(ProjectConfigurationPlatforms) = postSolution
		{4F36F490-633D-4EE5-80C5-88E47A03AF36}.Debug|Any CPU.ActiveCfg = Debug|Any CPU
		{4F36F490-633D-4EE5-80C5-88E47A03AF36}.Debug|Any CPU.Build.0 = Debug|Any CPU
		{4F36F490-633D-4EE5-80C5-88E47A03AF36}.Release|Any CPU.ActiveCfg = Release|Any CPU
		{4F36F490-633D-4EE5-80C5-88E47A03AF36}.Release|Any CPU.Build.0 = Release|Any CPU
	EndGlobalSection
	GlobalSection(SolutionProperties) = preSolution
		HideSolutionNode = FALSE
	EndGlobalSection
	GlobalSection(ExtensibilityGlobals) = postSolution
		SolutionGuid = {9F523789-A3AC-4FFE-817A-63700A760BD5}
	EndGlobalSection
EndGlobal
