
Microsoft Visual Studio Solution File, Format Version 12.00
# Visual Studio 15
VisualStudioVersion = 15.0.28307.106
MinimumVisualStudioVersion = 10.0.40219.1
Project("{00D1A9C2-B5F0-4AF3-8072-F6C62B433612}") = "TicketManagement", "TicketManagement\TicketManagement.sqlproj", "{CA8B11A8-5C57-4B30-9F47-BD746FF085E9}"
EndProject
Project("{FAE04EC0-301F-11D3-BF4B-00C04F79EFBC}") = "BusinessLogic.Services.Tests", "tests\BusinessLogic.Services.Tests\BusinessLogic.Services.Tests.csproj", "{7F58C1B0-5018-4ADE-BE42-1D60173FEA73}"
EndProject
Project("{2150E333-8FDC-42A3-9474-1A3956D46DE8}") = "tests", "tests", "{E34365A7-9CB9-4672-8856-759F2488E10A}"
EndProject
Project("{FAE04EC0-301F-11D3-BF4B-00C04F79EFBC}") = "TicketManagementMVC", "TicketManagementMVC\TicketManagementMVC.csproj", "{6BD157C2-F642-49C7-9200-AFB7855EDF7F}"
EndProject
Project("{FAE04EC0-301F-11D3-BF4B-00C04F79EFBC}") = "BusinessLogic.Tests.Unit", "tests\BusinessLogic.Tests.Unit\BusinessLogic.Tests.Unit.csproj", "{D46B90B4-4130-49E3-9175-B7C94F0BD3D9}"
EndProject
Project("{9A19103F-16F7-4668-BE54-9A1E7A4F7556}") = "User.WebApi", "User.WebApi\User.WebApi.csproj", "{0ECFDE99-1AB7-4B89-9ECA-A72E486BD7BC}"
EndProject
Project("{FAE04EC0-301F-11D3-BF4B-00C04F79EFBC}") = "WcfWebHost", "WcfWebHost\WcfWebHost.csproj", "{B78937BC-9FE0-4C47-B678-3A1784E51C4A}"
EndProject
Project("{9A19103F-16F7-4668-BE54-9A1E7A4F7556}") = "DataAccess", "DataAccess\DataAccess.csproj", "{CFC1778F-D6C3-4EA8-BAD8-08027BBD7C5C}"
EndProject
Project("{9A19103F-16F7-4668-BE54-9A1E7A4F7556}") = "BusinessLogic", "BusinessLogic\BusinessLogic.csproj", "{150DAF41-0051-4B3A-9BB9-3E97CF7D3553}"
EndProject
Project("{FAE04EC0-301F-11D3-BF4B-00C04F79EFBC}") = "WcfBusinessLogic.Core", "WcfBusinessLogic.Core\WcfBusinessLogic.Core.csproj", "{81843680-DF7F-476F-896C-2CE126DAB02D}"
EndProject
Global
	GlobalSection(SolutionConfigurationPlatforms) = preSolution
		Debug|Any CPU = Debug|Any CPU
		Release|Any CPU = Release|Any CPU
	EndGlobalSection
	GlobalSection(ProjectConfigurationPlatforms) = postSolution
		{CA8B11A8-5C57-4B30-9F47-BD746FF085E9}.Debug|Any CPU.ActiveCfg = Debug|Any CPU
		{CA8B11A8-5C57-4B30-9F47-BD746FF085E9}.Debug|Any CPU.Build.0 = Debug|Any CPU
		{CA8B11A8-5C57-4B30-9F47-BD746FF085E9}.Debug|Any CPU.Deploy.0 = Debug|Any CPU
		{CA8B11A8-5C57-4B30-9F47-BD746FF085E9}.Release|Any CPU.ActiveCfg = Release|Any CPU
		{CA8B11A8-5C57-4B30-9F47-BD746FF085E9}.Release|Any CPU.Build.0 = Release|Any CPU
		{CA8B11A8-5C57-4B30-9F47-BD746FF085E9}.Release|Any CPU.Deploy.0 = Release|Any CPU
		{7F58C1B0-5018-4ADE-BE42-1D60173FEA73}.Debug|Any CPU.ActiveCfg = Debug|Any CPU
		{7F58C1B0-5018-4ADE-BE42-1D60173FEA73}.Debug|Any CPU.Build.0 = Debug|Any CPU
		{7F58C1B0-5018-4ADE-BE42-1D60173FEA73}.Release|Any CPU.ActiveCfg = Release|Any CPU
		{7F58C1B0-5018-4ADE-BE42-1D60173FEA73}.Release|Any CPU.Build.0 = Release|Any CPU
		{6BD157C2-F642-49C7-9200-AFB7855EDF7F}.Debug|Any CPU.ActiveCfg = Debug|Any CPU
		{6BD157C2-F642-49C7-9200-AFB7855EDF7F}.Debug|Any CPU.Build.0 = Debug|Any CPU
		{6BD157C2-F642-49C7-9200-AFB7855EDF7F}.Release|Any CPU.ActiveCfg = Release|Any CPU
		{6BD157C2-F642-49C7-9200-AFB7855EDF7F}.Release|Any CPU.Build.0 = Release|Any CPU
		{D46B90B4-4130-49E3-9175-B7C94F0BD3D9}.Debug|Any CPU.ActiveCfg = Debug|Any CPU
		{D46B90B4-4130-49E3-9175-B7C94F0BD3D9}.Debug|Any CPU.Build.0 = Debug|Any CPU
		{D46B90B4-4130-49E3-9175-B7C94F0BD3D9}.Release|Any CPU.ActiveCfg = Release|Any CPU
		{D46B90B4-4130-49E3-9175-B7C94F0BD3D9}.Release|Any CPU.Build.0 = Release|Any CPU
		{0ECFDE99-1AB7-4B89-9ECA-A72E486BD7BC}.Debug|Any CPU.ActiveCfg = Debug|Any CPU
		{0ECFDE99-1AB7-4B89-9ECA-A72E486BD7BC}.Debug|Any CPU.Build.0 = Debug|Any CPU
		{0ECFDE99-1AB7-4B89-9ECA-A72E486BD7BC}.Release|Any CPU.ActiveCfg = Release|Any CPU
		{0ECFDE99-1AB7-4B89-9ECA-A72E486BD7BC}.Release|Any CPU.Build.0 = Release|Any CPU
		{B78937BC-9FE0-4C47-B678-3A1784E51C4A}.Debug|Any CPU.ActiveCfg = Debug|Any CPU
		{B78937BC-9FE0-4C47-B678-3A1784E51C4A}.Debug|Any CPU.Build.0 = Debug|Any CPU
		{B78937BC-9FE0-4C47-B678-3A1784E51C4A}.Release|Any CPU.ActiveCfg = Release|Any CPU
		{B78937BC-9FE0-4C47-B678-3A1784E51C4A}.Release|Any CPU.Build.0 = Release|Any CPU
		{CFC1778F-D6C3-4EA8-BAD8-08027BBD7C5C}.Debug|Any CPU.ActiveCfg = Debug|Any CPU
		{CFC1778F-D6C3-4EA8-BAD8-08027BBD7C5C}.Debug|Any CPU.Build.0 = Debug|Any CPU
		{CFC1778F-D6C3-4EA8-BAD8-08027BBD7C5C}.Release|Any CPU.ActiveCfg = Release|Any CPU
		{CFC1778F-D6C3-4EA8-BAD8-08027BBD7C5C}.Release|Any CPU.Build.0 = Release|Any CPU
		{150DAF41-0051-4B3A-9BB9-3E97CF7D3553}.Debug|Any CPU.ActiveCfg = Debug|Any CPU
		{150DAF41-0051-4B3A-9BB9-3E97CF7D3553}.Debug|Any CPU.Build.0 = Debug|Any CPU
		{150DAF41-0051-4B3A-9BB9-3E97CF7D3553}.Release|Any CPU.ActiveCfg = Release|Any CPU
		{150DAF41-0051-4B3A-9BB9-3E97CF7D3553}.Release|Any CPU.Build.0 = Release|Any CPU
		{81843680-DF7F-476F-896C-2CE126DAB02D}.Debug|Any CPU.ActiveCfg = Debug|Any CPU
		{81843680-DF7F-476F-896C-2CE126DAB02D}.Debug|Any CPU.Build.0 = Debug|Any CPU
		{81843680-DF7F-476F-896C-2CE126DAB02D}.Release|Any CPU.ActiveCfg = Release|Any CPU
		{81843680-DF7F-476F-896C-2CE126DAB02D}.Release|Any CPU.Build.0 = Release|Any CPU
	EndGlobalSection
	GlobalSection(SolutionProperties) = preSolution
		HideSolutionNode = FALSE
	EndGlobalSection
	GlobalSection(NestedProjects) = preSolution
		{7F58C1B0-5018-4ADE-BE42-1D60173FEA73} = {E34365A7-9CB9-4672-8856-759F2488E10A}
		{D46B90B4-4130-49E3-9175-B7C94F0BD3D9} = {E34365A7-9CB9-4672-8856-759F2488E10A}
	EndGlobalSection
	GlobalSection(ExtensibilityGlobals) = postSolution
		SolutionGuid = {EB02AA01-983D-417C-9069-2DD067674501}
	EndGlobalSection
EndGlobal
